{
  "version": 4,
  "terraform_version": "0.12.24",
  "serial": 5,
  "lineage": "b8e16ef8-5622-3f10-f81b-b97d9f5d9a4c",
  "outputs": {},
  "resources": [
    {
      "mode": "managed",
      "type": "digitalocean_droplet",
      "name": "example_app",
      "provider": "provider.digitalocean",
      "instances": [
        {
          "schema_version": 1,
          "attributes": {
            "backups": false,
            "created_at": "2020-04-16T23:19:28Z",
            "disk": 25,
            "id": "188865998",
            "image": "ubuntu-18-04-x64",
            "ipv4_address": "192.241.179.119",
            "ipv4_address_private": "",
            "ipv6": false,
            "ipv6_address": "",
            "ipv6_address_private": null,
            "locked": false,
            "memory": 1024,
            "monitoring": false,
            "name": "web-1",
            "price_hourly": 0.00744,
            "price_monthly": 5,
            "private_networking": false,
            "region": "nyc2",
            "resize_disk": true,
            "size": "s-1vcpu-1gb",
            "ssh_keys": null,
            "status": "active",
            "tags": null,
            "urn": "do:droplet:188865998",
            "user_data": "3b89b29459bfaa0baaec6f50e8a765ab4cf20a9f",
            "vcpus": 1,
            "volume_ids": [],
            "vpc_uuid": ""
          },
          "private": "eyJzY2hlbWFfdmVyc2lvbiI6IjEifQ=="
        }
      ]
    }
  ]
}
